
Microsoft Visual Studio Solution File, Format Version 12.00
# Visual Studio Version 17
VisualStudioVersion = 17.5.33516.290
MinimumVisualStudioVersion = 10.0.40219.1
Project("{9A19103F-16F7-4668-BE54-9A1E7A4F7556}") = "MakeLydBog-V2", "MakeLydBog-V2\MakeLydBog-V2.csproj", "{891655CF-AB80-4D61-B7DA-409774BCC725}"
EndProject
Project("{9A19103F-16F7-4668-BE54-9A1E7A4F7556}") = "Testning", "Testning\Testning.csproj", "{A087657E-DD95-45AD-85CA-6AA401D2ADD2}"
EndProject
Project("{FAE04EC0-301F-11D3-BF4B-00C04F79EFBC}") = "MakeLydBog_V2_Wpf_App", "MakeLydBog_V2_Wpf_App\MakeLydBog_V2_Wpf_App.csproj", "{00B8B2F3-C17F-45F1-AFD3-B91E85E6B3E4}"
EndProject
Global
	GlobalSection(SolutionConfigurationPlatforms) = preSolution
		Debug|Any CPU = Debug|Any CPU
		Release|Any CPU = Release|Any CPU
	EndGlobalSection
	GlobalSection(ProjectConfigurationPlatforms) = postSolution
		{891655CF-AB80-4D61-B7DA-409774BCC725}.Debug|Any CPU.ActiveCfg = Debug|Any CPU
		{891655CF-AB80-4D61-B7DA-409774BCC725}.Debug|Any CPU.Build.0 = Debug|Any CPU
		{891655CF-AB80-4D61-B7DA-409774BCC725}.Release|Any CPU.ActiveCfg = Release|Any CPU
		{891655CF-AB80-4D61-B7DA-409774BCC725}.Release|Any CPU.Build.0 = Release|Any CPU
		{A087657E-DD95-45AD-85CA-6AA401D2ADD2}.Debug|Any CPU.ActiveCfg = Debug|Any CPU
		{A087657E-DD95-45AD-85CA-6AA401D2ADD2}.Debug|Any CPU.Build.0 = Debug|Any CPU
		{A087657E-DD95-45AD-85CA-6AA401D2ADD2}.Release|Any CPU.ActiveCfg = Release|Any CPU
		{A087657E-DD95-45AD-85CA-6AA401D2ADD2}.Release|Any CPU.Build.0 = Release|Any CPU
		{00B8B2F3-C17F-45F1-AFD3-B91E85E6B3E4}.Debug|Any CPU.ActiveCfg = Debug|Any CPU
		{00B8B2F3-C17F-45F1-AFD3-B91E85E6B3E4}.Debug|Any CPU.Build.0 = Debug|Any CPU
		{00B8B2F3-C17F-45F1-AFD3-B91E85E6B3E4}.Release|Any CPU.ActiveCfg = Release|Any CPU
		{00B8B2F3-C17F-45F1-AFD3-B91E85E6B3E4}.Release|Any CPU.Build.0 = Release|Any CPU
	EndGlobalSection
	GlobalSection(SolutionProperties) = preSolution
		HideSolutionNode = FALSE
	EndGlobalSection
	GlobalSection(ExtensibilityGlobals) = postSolution
		SolutionGuid = {4E3648B2-496C-433C-9A2E-AA6B5EF7EC2E}
	EndGlobalSection
EndGlobal
