
Microsoft Visual Studio Solution File, Format Version 12.00
# Visual Studio Version 17
VisualStudioVersion = 17.5.33516.290
MinimumVisualStudioVersion = 10.0.40219.1
Project("{FAE04EC0-301F-11D3-BF4B-00C04F79EFBC}") = "MakeLydBog-V2", "MakeLydBog-V2\MakeLydBog-V2.csproj", "{891655CF-AB80-4D61-B7DA-409774BCC725}"
EndProject
Global
	GlobalSection(SolutionConfigurationPlatforms) = preSolution
		Debug|Any CPU = Debug|Any CPU
		Release|Any CPU = Release|Any CPU
	EndGlobalSection
	GlobalSection(ProjectConfigurationPlatforms) = postSolution
		{891655CF-AB80-4D61-B7DA-409774BCC725}.Debug|Any CPU.ActiveCfg = Debug|Any CPU
		{891655CF-AB80-4D61-B7DA-409774BCC725}.Debug|Any CPU.Build.0 = Debug|Any CPU
		{891655CF-AB80-4D61-B7DA-409774BCC725}.Release|Any CPU.ActiveCfg = Release|Any CPU
		{891655CF-AB80-4D61-B7DA-409774BCC725}.Release|Any CPU.Build.0 = Release|Any CPU
	EndGlobalSection
	GlobalSection(SolutionProperties) = preSolution
		HideSolutionNode = FALSE
	EndGlobalSection
	GlobalSection(ExtensibilityGlobals) = postSolution
		SolutionGuid = {4E3648B2-496C-433C-9A2E-AA6B5EF7EC2E}
	EndGlobalSection
EndGlobal
